{
  "name": "ts-semaphore",
  "version": "1.0.0",
  "lockfileVersion": 1,
  "requires": true,
  "dependencies": {
    "assert-rejects": {
      "version": "0.1.1",
      "resolved": "https://registry.npmjs.org/assert-rejects/-/assert-rejects-0.1.1.tgz",
      "integrity": "sha1-5HozNdiULHLj7NlGJh8OWKDaLvY=",
      "dev": true,
      "requires": {
        "is-regexp": "^1.0.0"
      }
    },
    "is-regexp": {
      "version": "1.0.0",
      "resolved": "https://registry.npmjs.org/is-regexp/-/is-regexp-1.0.0.tgz",
      "integrity": "sha1-/S2INUXEa6xaYz57mgnof6LLUGk=",
      "dev": true
    },
    "p-sleep": {
      "version": "1.1.0",
      "resolved": "https://registry.npmjs.org/p-sleep/-/p-sleep-1.1.0.tgz",
      "integrity": "sha512-bwP3GKZirBUYMtiUuBrheLUQdRXVeE/pmHOaLpNJzNfAD4b5AjDn6l823brXcQFade4G/g7GMNQ3KV86E8EaEw==",
      "dev": true
    }
  }
}
